# This file is autogenerated, do not edit; changes may be undone by the next 'dep ensure'.


[[projects]]
  branch = "master"
  digest = "1:1e6b2f7aa98b082c30a1303c29a702c369b2ec6d86b74a599bc8bbe2333db299"
  name = "github.com/btcsuite/go-socks"
  packages = ["socks"]
  pruneopts = "UT"
  revision = "4720035b7bfd2a9bb130b1c184f8bbe41b6f0d0f"

[[projects]]
  branch = "master"
  digest = "1:ffe9824d294da03b391f44e1ae8281281b4afc1bdaa9588c9097785e3af10cec"
  name = "github.com/davecgh/go-spew"
  packages = ["spew"]
  pruneopts = "UT"
  revision = "d8f796af33cc11cb798c1aaeb27a4ebc5099927d"

[[projects]]
  branch = "master"
  digest = "1:541a98b45f2b448e12d4038efacd13f5d4df838e3af5b1aad03b66c174c31c23"
  name = "github.com/gcash/bchd"
  packages = [
    "bchec",
    "blockchain",
    "chaincfg",
    "chaincfg/chainhash",
    "database",
    "peer",
    "txscript",
    "wire",
  ]
  pruneopts = "UT"
  revision = "6f8ce2c0aff6f12ecfccfa61f2e48c31af55605a"

[[projects]]
  branch = "master"
  digest = "1:b1053b781e9090dab5d3e916eb04c8d85b63a7f6911007c2cd1dd82fb22f7f6a"
  name = "github.com/gcash/bchlog"
  packages = ["."]
  pruneopts = "UT"
  revision = "b4f036f92fa66c88eec458f4531ff14ff87704d6"

[[projects]]
  branch = "master"
  digest = "1:531a7256e00de32f6fb5597b1326d322e15b7ceed533813fb16d4e4e3c21c281"
  name = "github.com/gcash/bchutil"
  packages = [
    ".",
    "base58",
  ]
  pruneopts = "UT"
  revision = "d51537ee11a6e6c31ba74f4b4accbc0edaf7a5d4"

[[projects]]
  branch = "master"
  digest = "1:c22d250c583ec1136ecad8b74a43f408c08ddbbcbae715341ec4a49f332628e0"
  name = "github.com/miekg/dns"
  packages = ["."]
  pruneopts = "UT"
  revision = "915ca3d5ffd945235828a097c917311a9d86ebb4"

[[projects]]
  branch = "master"
  digest = "1:5907f9aeba563d9e5586714750b3467514defe690470612c4828b12dd404bb58"
  name = "golang.org/x/crypto"
  packages = [
    "ed25519",
    "ed25519/internal/edwards25519",
    "ripemd160",
  ]
  pruneopts = "UT"
  revision = "bc7917b19d8f099105de72dc62898400be07c984"

[[projects]]
  branch = "master"
  digest = "1:40a3cfcb660b2f6354f669eb8cbea46b5a308b42f349782147301ab66fb57184"
  name = "golang.org/x/net"
  packages = [
    "bpf",
    "internal/iana",
    "internal/socket",
    "ipv4",
    "ipv6",
  ]
  pruneopts = "UT"
  revision = "c44066c5c816ec500d459a2a324a753f78531ae0"

[[projects]]
  branch = "master"
  digest = "1:fbacfb57e3d052810813bca2d48c22fbde916ecfc4a2bac08df30ed6e9e59759"
  name = "golang.org/x/sys"
  packages = ["unix"]
  pruneopts = "UT"
  revision = "d69651ed3497faee15a5363a89578e9991f6d5e2"

[solve-meta]
  analyzer-name = "dep"
  analyzer-version = 1
  input-imports = [
    "github.com/gcash/bchd/chaincfg",
    "github.com/gcash/bchd/peer",
    "github.com/gcash/bchd/wire",
    "github.com/miekg/dns",
  ]
  solver-name = "gps-cdcl"
  solver-version = 1
