# This file is autogenerated, do not edit; changes may be undone by the next 'dep ensure'.


[[projects]]
  branch = "master"
  digest = "1:1e6b2f7aa98b082c30a1303c29a702c369b2ec6d86b74a599bc8bbe2333db299"
  name = "github.com/btcsuite/go-socks"
  packages = ["socks"]
  pruneopts = "UT"
  revision = "4720035b7bfd2a9bb130b1c184f8bbe41b6f0d0f"

[[projects]]
  branch = "master"
  digest = "1:ffe9824d294da03b391f44e1ae8281281b4afc1bdaa9588c9097785e3af10cec"
  name = "github.com/davecgh/go-spew"
  packages = ["spew"]
  pruneopts = "UT"
  revision = "d8f796af33cc11cb798c1aaeb27a4ebc5099927d"

[[projects]]
  branch = "master"
  digest = "1:34e78abc86a0489e7ae84fb2f3dbed1bf27e679b17a2503a937d946a6d7c6ac6"
  name = "github.com/gcash/bchd"
  packages = [
    "bchec",
    "blockchain",
    "chaincfg",
    "chaincfg/chainhash",
    "database",
    "peer",
    "txscript",
    "wire",
  ]
  pruneopts = "UT"
  revision = "3049cb1e3e5c930cad8e8b8bdf682e2796dfa08c"

[[projects]]
  branch = "master"
  digest = "1:b1053b781e9090dab5d3e916eb04c8d85b63a7f6911007c2cd1dd82fb22f7f6a"
  name = "github.com/gcash/bchlog"
  packages = ["."]
  pruneopts = "UT"
  revision = "b4f036f92fa66c88eec458f4531ff14ff87704d6"

[[projects]]
  branch = "master"
  digest = "1:a3a39ea83ca6de6a8ec201c7179142f89019a7520048b41e1e7f7dff5fc1e252"
  name = "github.com/gcash/bchutil"
  packages = [
    ".",
    "base58",
  ]
  pruneopts = "UT"
  revision = "723ab93d2b4a9a36c385e44f547433d0a3417c35"

[[projects]]
  branch = "master"
  digest = "1:c080e309b430c2f0d305c61827a5fcee8bd76289d7e6cbcfc91db31758c45539"
  name = "github.com/miekg/dns"
  packages = ["."]
  pruneopts = "UT"
  revision = "193f91db0b8cd713863aeab710f35381472b2e8e"

[[projects]]
  branch = "master"
  digest = "1:f804354850ef747f20e387a75e04dfc64a205ab342f7086b7d77796865ff5ede"
  name = "golang.org/x/crypto"
  packages = ["ripemd160"]
  pruneopts = "UT"
  revision = "0e37d006457bf46f9e6692014ba72ef82c33022c"

[solve-meta]
  analyzer-name = "dep"
  analyzer-version = 1
  input-imports = [
    "github.com/gcash/bchd/chaincfg",
    "github.com/gcash/bchd/peer",
    "github.com/gcash/bchd/wire",
    "github.com/miekg/dns",
  ]
  solver-name = "gps-cdcl"
  solver-version = 1
